
Microsoft Visual Studio Solution File, Format Version 12.00
# Visual Studio Version 17
VisualStudioVersion = 17.4.33110.190
MinimumVisualStudioVersion = 10.0.40219.1
Project("{FAE04EC0-301F-11D3-BF4B-00C04F79EFBC}") = "GestionDeEmpleados", "GestionDeEmpleados\GestionDeEmpleados.csproj", "{CD3AE864-8E85-4D84-A531-0AEFF7C13F5E}"
EndProject
Global
	GlobalSection(SolutionConfigurationPlatforms) = preSolution
		Debug|Any CPU = Debug|Any CPU
		Release|Any CPU = Release|Any CPU
	EndGlobalSection
	GlobalSection(ProjectConfigurationPlatforms) = postSolution
		{CD3AE864-8E85-4D84-A531-0AEFF7C13F5E}.Debug|Any CPU.ActiveCfg = Debug|Any CPU
		{CD3AE864-8E85-4D84-A531-0AEFF7C13F5E}.Debug|Any CPU.Build.0 = Debug|Any CPU
		{CD3AE864-8E85-4D84-A531-0AEFF7C13F5E}.Release|Any CPU.ActiveCfg = Release|Any CPU
		{CD3AE864-8E85-4D84-A531-0AEFF7C13F5E}.Release|Any CPU.Build.0 = Release|Any CPU
	EndGlobalSection
	GlobalSection(SolutionProperties) = preSolution
		HideSolutionNode = FALSE
	EndGlobalSection
	GlobalSection(ExtensibilityGlobals) = postSolution
		SolutionGuid = {E4925E72-5E0A-43FF-95F1-6D7B786AEDAB}
	EndGlobalSection
EndGlobal
